// !$*UTF8*$!
{
	archiveVersion = 1;
	classes = {
	};
	objectVersion = 60;
	objects = {

/* Begin PBXBuildFile section */
		0BA37924A1574DDDA5786ACC /* Assets.xcassets in Resources */ = {isa = PBXBuildFile; fileRef = 2F91576D8D9348829D2CFDA9 /* Assets.xcassets */; };
		0C09101A92224B05A9393A7D /* SettingsStoreTests.swift in Sources */ = {isa = PBXBuildFile; fileRef = 37D1CD63C0614279AED9F291 /* SettingsStoreTests.swift */; };
		1A42C71E2C784F11B05C49B6 /* ConversationService.swift in Sources */ = {isa = PBXBuildFile; fileRef = 84D2E82174F34D2481A47DB9 /* ConversationService.swift */; };
		23903BB4A5D94EB6AC3245D5 /* LocalIndexService.swift in Sources */ = {isa = PBXBuildFile; fileRef = 3EA6E8A2548F4E04BDB77CB8 /* LocalIndexService.swift */; };
		31D4A3FBFBDD4304BD29C352 /* KnowledgeBaseView.swift in Sources */ = {isa = PBXBuildFile; fileRef = 8836F2D0020B43F188AB38DF /* KnowledgeBaseView.swift */; };
		33998A027E084E37B2CF1F1F /* CaptureServices.swift in Sources */ = {isa = PBXBuildFile; fileRef = 61D00CDB1E084085BBE4C16C /* CaptureServices.swift */; };
		342C886A0C384BC582477DC4 /* JarvisApp.swift in Sources */ = {isa = PBXBuildFile; fileRef = 1D4D4018A0D548DA9577F780 /* JarvisApp.swift */; };
		3785EE0B89A74C83AA14C7B6 /* CalculatorTests.swift in Sources */ = {isa = PBXBuildFile; fileRef = DF5494781D2A4460BE400DF5 /* CalculatorTests.swift */; };
		3921EBC8FF9C40AB9CA186C3 /* JarvisDatabase.swift in Sources */ = {isa = PBXBuildFile; fileRef = BA59BF53B4E04D6AA2B5BBAA /* JarvisDatabase.swift */; };
		3EAC6E2B5D5743559EDB2319 /* DiagnosticsService.swift in Sources */ = {isa = PBXBuildFile; fileRef = FA133D6BEE4B400EBF4B9A48 /* DiagnosticsService.swift */; };
		47BE0855208B4016A31170B5 /* Models.swift in Sources */ = {isa = PBXBuildFile; fileRef = 0CAD082D1BD646D096FAEEE4 /* Models.swift */; };
		4AB1558E60504C3A8D35EF93 /* DiagnosticsViewModel.swift in Sources */ = {isa = PBXBuildFile; fileRef = B808E8847731409CB4EDFAE6 /* DiagnosticsViewModel.swift */; };
		4D181C6996B145CEA5645DF2 /* HotKeyCenter.swift in Sources */ = {isa = PBXBuildFile; fileRef = E1D05E2FAB6D4E9BB9C343FD /* HotKeyCenter.swift */; };
		51B06842BE8C44EBAC5DB4E6 /* ClipboardBannerView.swift in Sources */ = {isa = PBXBuildFile; fileRef = 93E28D92B2D84A42B64C6D9B /* ClipboardBannerView.swift */; };
		62BFA53E86E849AF8E3F0E34 /* MacroService.swift in Sources */ = {isa = PBXBuildFile; fileRef = 511BF4F14B2C42B9B3444332 /* MacroService.swift */; };
		7325C61DC446499C8F407816 /* OverlayWindowController.swift in Sources */ = {isa = PBXBuildFile; fileRef = BBB1805C105844EEBD8697BC /* OverlayWindowController.swift */; };
		76106ABE9524450EB85923B5 /* AppEnvironment.swift in Sources */ = {isa = PBXBuildFile; fileRef = E851B73912BD4873908DEAB3 /* AppEnvironment.swift */; };
		7B557D742C154D9796F03430 /* DocumentImportService.swift in Sources */ = {isa = PBXBuildFile; fileRef = 991D21F2EE0C45AE8911CCFF /* DocumentImportService.swift */; };
		8711E48B108E42758F2FC29E /* PermissionsManager.swift in Sources */ = {isa = PBXBuildFile; fileRef = 22B29DC37C0A413D904A96E4 /* PermissionsManager.swift */; };
		89934F100ED643A2B3D973BF /* CommandPaletteViewModel.swift in Sources */ = {isa = PBXBuildFile; fileRef = E8F41C9BA06946B8A54F5F12 /* CommandPaletteViewModel.swift */; };
		90025FF9A5A74FDE87846DAE /* TableExtractorTests.swift in Sources */ = {isa = PBXBuildFile; fileRef = D0597A14198647B0955E0CFA /* TableExtractorTests.swift */; };
		9DA1483FD39E47E1818F34D9 /* DiagnosticsView.swift in Sources */ = {isa = PBXBuildFile; fileRef = F49A760AA84D420EAB1E9208 /* DiagnosticsView.swift */; };
		9E63F9BE8E0D47479380D63D /* ToolExecutionService.swift in Sources */ = {isa = PBXBuildFile; fileRef = 03B50D48937C470297F0ABD8 /* ToolExecutionService.swift */; };
		A260E0D7788047FDA1481E9F /* NotificationViewModel.swift in Sources */ = {isa = PBXBuildFile; fileRef = 6995217B39C54812B4282066 /* NotificationViewModel.swift */; };
		A8DDA8B34B484EBC97A4083B /* TableExtractor.swift in Sources */ = {isa = PBXBuildFile; fileRef = 963DA03E0EDD4D0494C0C3F4 /* TableExtractor.swift */; };
		AF21D154FED84D84AF196399 /* OllamaClient.swift in Sources */ = {isa = PBXBuildFile; fileRef = C991F96CBECC49B1BE14740F /* OllamaClient.swift */; };
		B1E326582F4AB5920020A11D /* SQLiteHelpers.swift in Sources */ = {isa = PBXBuildFile; fileRef = B1E326572F4AB5920020A11D /* SQLiteHelpers.swift */; };
		BA93113C02724475A872C5B8 /* EmailDraftView.swift in Sources */ = {isa = PBXBuildFile; fileRef = AE42DEFC61514F3AAF6A5064 /* EmailDraftView.swift */; };
		CB9DDA8E24E94129B5C1A931 /* EmailDraftViewModel.swift in Sources */ = {isa = PBXBuildFile; fileRef = 89ACC6B594474F54A3778726 /* EmailDraftViewModel.swift */; };
		CDAE0D07B0E749CABAC9347B /* WorkflowEngine.swift in Sources */ = {isa = PBXBuildFile; fileRef = 3CBBD2A8C01F4112AA4E9EF9 /* WorkflowEngine.swift */; };
		D3CDF9CDC6A2448DA304F540 /* NotificationService.swift in Sources */ = {isa = PBXBuildFile; fileRef = 56EA3106B91A487EAD013ADF /* NotificationService.swift */; };
		D67A9728C3B14EDAA0B12890 /* CommandPaletteView.swift in Sources */ = {isa = PBXBuildFile; fileRef = 349643A4A44043B0BE1597DF /* CommandPaletteView.swift */; };
		DCF9D6DE040345B6AD71D7CF /* SettingsView.swift in Sources */ = {isa = PBXBuildFile; fileRef = 0A1C3A4F65DC452888112B14 /* SettingsView.swift */; };
		E7F6B7EC71454F4691CCB4C0 /* ClipboardWatcher.swift in Sources */ = {isa = PBXBuildFile; fileRef = E0A38A026D494E468A3E0553 /* ClipboardWatcher.swift */; };
		E8387C0EF3FC4042B6E35B74 /* MacroListView.swift in Sources */ = {isa = PBXBuildFile; fileRef = 3B3365F8A7D243189DE4CCA1 /* MacroListView.swift */; };
		F7FE8AE4BCAE441E8D62DFE4 /* SettingsStore.swift in Sources */ = {isa = PBXBuildFile; fileRef = C10F1465A3184DCE96FEC18C /* SettingsStore.swift */; };
		F8D77A08364F47A9BB7E6172 /* SettingsViewModel.swift in Sources */ = {isa = PBXBuildFile; fileRef = F8171823B1B74600BAF98059 /* SettingsViewModel.swift */; };
		FFB6E37023C548FF83F76188 /* NotificationsView.swift in Sources */ = {isa = PBXBuildFile; fileRef = C134977B0E2D413B9D9BFD0C /* NotificationsView.swift */; };
/* End PBXBuildFile section */

/* Begin PBXContainerItemProxy section */
		DE923E119AF543B0993F1886 /* PBXContainerItemProxy */ = {
			isa = PBXContainerItemProxy;
			containerPortal = 736C7A77357744E5A73DBF1E /* Project object */;
			proxyType = 1;
			remoteGlobalIDString = 0EBEA01C5C5145B8A4AFC209;
			remoteInfo = Jarvis;
		};
/* End PBXContainerItemProxy section */

/* Begin PBXFileReference section */
		03B50D48937C470297F0ABD8 /* ToolExecutionService.swift */ = {isa = PBXFileReference; lastKnownFileType = sourcecode.swift; path = ToolExecutionService.swift; sourceTree = "<group>"; };
		0A1C3A4F65DC452888112B14 /* SettingsView.swift */ = {isa = PBXFileReference; lastKnownFileType = sourcecode.swift; path = SettingsView.swift; sourceTree = "<group>"; };
		0CAD082D1BD646D096FAEEE4 /* Models.swift */ = {isa = PBXFileReference; lastKnownFileType = sourcecode.swift; path = Models.swift; sourceTree = "<group>"; };
		1B518FB01023475394CBE4AC /* Info.plist */ = {isa = PBXFileReference; lastKnownFileType = text.plist.xml; path = Info.plist; sourceTree = "<group>"; };
		1D4D4018A0D548DA9577F780 /* JarvisApp.swift */ = {isa = PBXFileReference; lastKnownFileType = sourcecode.swift; path = JarvisApp.swift; sourceTree = "<group>"; };
		22B29DC37C0A413D904A96E4 /* PermissionsManager.swift */ = {isa = PBXFileReference; lastKnownFileType = sourcecode.swift; path = PermissionsManager.swift; sourceTree = "<group>"; };
		2F91576D8D9348829D2CFDA9 /* Assets.xcassets */ = {isa = PBXFileReference; lastKnownFileType = folder.assetcatalog; path = Assets.xcassets; sourceTree = "<group>"; };
		349643A4A44043B0BE1597DF /* CommandPaletteView.swift */ = {isa = PBXFileReference; lastKnownFileType = sourcecode.swift; path = CommandPaletteView.swift; sourceTree = "<group>"; };
		37D1CD63C0614279AED9F291 /* SettingsStoreTests.swift */ = {isa = PBXFileReference; lastKnownFileType = sourcecode.swift; path = SettingsStoreTests.swift; sourceTree = "<group>"; };
		3B3365F8A7D243189DE4CCA1 /* MacroListView.swift */ = {isa = PBXFileReference; lastKnownFileType = sourcecode.swift; path = MacroListView.swift; sourceTree = "<group>"; };
		3CBBD2A8C01F4112AA4E9EF9 /* WorkflowEngine.swift */ = {isa = PBXFileReference; lastKnownFileType = sourcecode.swift; path = WorkflowEngine.swift; sourceTree = "<group>"; };
		3EA6E8A2548F4E04BDB77CB8 /* LocalIndexService.swift */ = {isa = PBXFileReference; lastKnownFileType = sourcecode.swift; path = LocalIndexService.swift; sourceTree = "<group>"; };
		511BF4F14B2C42B9B3444332 /* MacroService.swift */ = {isa = PBXFileReference; lastKnownFileType = sourcecode.swift; path = MacroService.swift; sourceTree = "<group>"; };
		51BCA15FC7274051AD5E8BAC /* Jarvis.entitlements */ = {isa = PBXFileReference; lastKnownFileType = text.plist.xml; path = Jarvis.entitlements; sourceTree = "<group>"; };
		56EA3106B91A487EAD013ADF /* NotificationService.swift */ = {isa = PBXFileReference; lastKnownFileType = sourcecode.swift; path = NotificationService.swift; sourceTree = "<group>"; };
		61764E1200D148809694058F /* README.md */ = {isa = PBXFileReference; lastKnownFileType = net.daringfireball.markdown; path = README.md; sourceTree = "<group>"; };
		61D00CDB1E084085BBE4C16C /* CaptureServices.swift */ = {isa = PBXFileReference; lastKnownFileType = sourcecode.swift; path = CaptureServices.swift; sourceTree = "<group>"; };
		673A20B5F5C2490B892552DB /* Jarvis.app */ = {isa = PBXFileReference; explicitFileType = wrapper.application; path = Jarvis.app; sourceTree = BUILT_PRODUCTS_DIR; };
		6995217B39C54812B4282066 /* NotificationViewModel.swift */ = {isa = PBXFileReference; lastKnownFileType = sourcecode.swift; path = NotificationViewModel.swift; sourceTree = "<group>"; };
		6A11E13A4C614A3DA70E9813 /* JarvisTests.xctest */ = {isa = PBXFileReference; explicitFileType = wrapper.cfbundle; path = JarvisTests.xctest; sourceTree = BUILT_PRODUCTS_DIR; };
		84D2E82174F34D2481A47DB9 /* ConversationService.swift */ = {isa = PBXFileReference; lastKnownFileType = sourcecode.swift; path = ConversationService.swift; sourceTree = "<group>"; };
		8836F2D0020B43F188AB38DF /* KnowledgeBaseView.swift */ = {isa = PBXFileReference; lastKnownFileType = sourcecode.swift; path = KnowledgeBaseView.swift; sourceTree = "<group>"; };
		89ACC6B594474F54A3778726 /* EmailDraftViewModel.swift */ = {isa = PBXFileReference; lastKnownFileType = sourcecode.swift; path = EmailDraftViewModel.swift; sourceTree = "<group>"; };
		93E28D92B2D84A42B64C6D9B /* ClipboardBannerView.swift */ = {isa = PBXFileReference; lastKnownFileType = sourcecode.swift; path = ClipboardBannerView.swift; sourceTree = "<group>"; };
		963DA03E0EDD4D0494C0C3F4 /* TableExtractor.swift */ = {isa = PBXFileReference; lastKnownFileType = sourcecode.swift; path = TableExtractor.swift; sourceTree = "<group>"; };
		991D21F2EE0C45AE8911CCFF /* DocumentImportService.swift */ = {isa = PBXFileReference; lastKnownFileType = sourcecode.swift; path = DocumentImportService.swift; sourceTree = "<group>"; };
		AE42DEFC61514F3AAF6A5064 /* EmailDraftView.swift */ = {isa = PBXFileReference; lastKnownFileType = sourcecode.swift; path = EmailDraftView.swift; sourceTree = "<group>"; };
		B1E326572F4AB5920020A11D /* SQLiteHelpers.swift */ = {isa = PBXFileReference; lastKnownFileType = sourcecode.swift; path = SQLiteHelpers.swift; sourceTree = "<group>"; };
		B808E8847731409CB4EDFAE6 /* DiagnosticsViewModel.swift */ = {isa = PBXFileReference; lastKnownFileType = sourcecode.swift; path = DiagnosticsViewModel.swift; sourceTree = "<group>"; };
		BA59BF53B4E04D6AA2B5BBAA /* JarvisDatabase.swift */ = {isa = PBXFileReference; lastKnownFileType = sourcecode.swift; path = JarvisDatabase.swift; sourceTree = "<group>"; };
		BBB1805C105844EEBD8697BC /* OverlayWindowController.swift */ = {isa = PBXFileReference; lastKnownFileType = sourcecode.swift; path = OverlayWindowController.swift; sourceTree = "<group>"; };
		C10F1465A3184DCE96FEC18C /* SettingsStore.swift */ = {isa = PBXFileReference; lastKnownFileType = sourcecode.swift; path = SettingsStore.swift; sourceTree = "<group>"; };
		C134977B0E2D413B9D9BFD0C /* NotificationsView.swift */ = {isa = PBXFileReference; lastKnownFileType = sourcecode.swift; path = NotificationsView.swift; sourceTree = "<group>"; };
		C991F96CBECC49B1BE14740F /* OllamaClient.swift */ = {isa = PBXFileReference; lastKnownFileType = sourcecode.swift; path = OllamaClient.swift; sourceTree = "<group>"; };
		D0597A14198647B0955E0CFA /* TableExtractorTests.swift */ = {isa = PBXFileReference; lastKnownFileType = sourcecode.swift; path = TableExtractorTests.swift; sourceTree = "<group>"; };
		DF5494781D2A4460BE400DF5 /* CalculatorTests.swift */ = {isa = PBXFileReference; lastKnownFileType = sourcecode.swift; path = CalculatorTests.swift; sourceTree = "<group>"; };
		E0A38A026D494E468A3E0553 /* ClipboardWatcher.swift */ = {isa = PBXFileReference; lastKnownFileType = sourcecode.swift; path = ClipboardWatcher.swift; sourceTree = "<group>"; };
		E1D05E2FAB6D4E9BB9C343FD /* HotKeyCenter.swift */ = {isa = PBXFileReference; lastKnownFileType = sourcecode.swift; path = HotKeyCenter.swift; sourceTree = "<group>"; };
		E5A32AA554744AE99C7990D2 /* Info.plist */ = {isa = PBXFileReference; lastKnownFileType = text.plist.xml; path = Info.plist; sourceTree = "<group>"; };
		E851B73912BD4873908DEAB3 /* AppEnvironment.swift */ = {isa = PBXFileReference; lastKnownFileType = sourcecode.swift; path = AppEnvironment.swift; sourceTree = "<group>"; };
		E8F41C9BA06946B8A54F5F12 /* CommandPaletteViewModel.swift */ = {isa = PBXFileReference; lastKnownFileType = sourcecode.swift; path = CommandPaletteViewModel.swift; sourceTree = "<group>"; };
		F49A760AA84D420EAB1E9208 /* DiagnosticsView.swift */ = {isa = PBXFileReference; lastKnownFileType = sourcecode.swift; path = DiagnosticsView.swift; sourceTree = "<group>"; };
		F8171823B1B74600BAF98059 /* SettingsViewModel.swift */ = {isa = PBXFileReference; lastKnownFileType = sourcecode.swift; path = SettingsViewModel.swift; sourceTree = "<group>"; };
		FA133D6BEE4B400EBF4B9A48 /* DiagnosticsService.swift */ = {isa = PBXFileReference; lastKnownFileType = sourcecode.swift; path = DiagnosticsService.swift; sourceTree = "<group>"; };
/* End PBXFileReference section */

/* Begin PBXFrameworksBuildPhase section */
		566620FFACB9449B8F8C30B9 /* Frameworks */ = {
			isa = PBXFrameworksBuildPhase;
			buildActionMask = 2147483647;
			files = (
			);
			runOnlyForDeploymentPostprocessing = 0;
		};
		90486B89FD614CFEBB10D030 /* Frameworks */ = {
			isa = PBXFrameworksBuildPhase;
			buildActionMask = 2147483647;
			files = (
			);
			runOnlyForDeploymentPostprocessing = 0;
		};
/* End PBXFrameworksBuildPhase section */

/* Begin PBXGroup section */
		1AFC005A019E4E76B9222C94 /* Jarvis */ = {
			isa = PBXGroup;
			children = (
				75C03B38D34543E89211E97A /* Models */,
				C2B04E078B41477CB5672C2C /* Services */,
				1E1F829EDBAC413B91883106 /* ViewModels */,
				782CF1920E254D1C82566A63 /* Views */,
				1D4D4018A0D548DA9577F780 /* JarvisApp.swift */,
				E851B73912BD4873908DEAB3 /* AppEnvironment.swift */,
				E5A32AA554744AE99C7990D2 /* Info.plist */,
				51BCA15FC7274051AD5E8BAC /* Jarvis.entitlements */,
				2F91576D8D9348829D2CFDA9 /* Assets.xcassets */,
				B1E326572F4AB5920020A11D /* SQLiteHelpers.swift */,
			);
			path = Jarvis;
			sourceTree = "<group>";
		};
		1E1F829EDBAC413B91883106 /* ViewModels */ = {
			isa = PBXGroup;
			children = (
				E8F41C9BA06946B8A54F5F12 /* CommandPaletteViewModel.swift */,
				6995217B39C54812B4282066 /* NotificationViewModel.swift */,
				89ACC6B594474F54A3778726 /* EmailDraftViewModel.swift */,
				B808E8847731409CB4EDFAE6 /* DiagnosticsViewModel.swift */,
				F8171823B1B74600BAF98059 /* SettingsViewModel.swift */,
			);
			path = ViewModels;
			sourceTree = "<group>";
		};
		48FE19BA35844076850B2DD8 /* JarvisTests */ = {
			isa = PBXGroup;
			children = (
				DF5494781D2A4460BE400DF5 /* CalculatorTests.swift */,
				D0597A14198647B0955E0CFA /* TableExtractorTests.swift */,
				37D1CD63C0614279AED9F291 /* SettingsStoreTests.swift */,
				1B518FB01023475394CBE4AC /* Info.plist */,
			);
			path = JarvisTests;
			sourceTree = "<group>";
		};
		75C03B38D34543E89211E97A /* Models */ = {
			isa = PBXGroup;
			children = (
				0CAD082D1BD646D096FAEEE4 /* Models.swift */,
			);
			path = Models;
			sourceTree = "<group>";
		};
		782CF1920E254D1C82566A63 /* Views */ = {
			isa = PBXGroup;
			children = (
				349643A4A44043B0BE1597DF /* CommandPaletteView.swift */,
				C134977B0E2D413B9D9BFD0C /* NotificationsView.swift */,
				AE42DEFC61514F3AAF6A5064 /* EmailDraftView.swift */,
				0A1C3A4F65DC452888112B14 /* SettingsView.swift */,
				F49A760AA84D420EAB1E9208 /* DiagnosticsView.swift */,
				8836F2D0020B43F188AB38DF /* KnowledgeBaseView.swift */,
				3B3365F8A7D243189DE4CCA1 /* MacroListView.swift */,
				93E28D92B2D84A42B64C6D9B /* ClipboardBannerView.swift */,
			);
			path = Views;
			sourceTree = "<group>";
		};
		9ADE98375D094A90BE350580 = {
			isa = PBXGroup;
			children = (
				1AFC005A019E4E76B9222C94 /* Jarvis */,
				48FE19BA35844076850B2DD8 /* JarvisTests */,
				E821E7F69F6D472B96A8AA1D /* Products */,
				61764E1200D148809694058F /* README.md */,
			);
			sourceTree = "<group>";
		};
		C2B04E078B41477CB5672C2C /* Services */ = {
			isa = PBXGroup;
			children = (
				C10F1465A3184DCE96FEC18C /* SettingsStore.swift */,
				BA59BF53B4E04D6AA2B5BBAA /* JarvisDatabase.swift */,
				C991F96CBECC49B1BE14740F /* OllamaClient.swift */,
				84D2E82174F34D2481A47DB9 /* ConversationService.swift */,
				03B50D48937C470297F0ABD8 /* ToolExecutionService.swift */,
				991D21F2EE0C45AE8911CCFF /* DocumentImportService.swift */,
				963DA03E0EDD4D0494C0C3F4 /* TableExtractor.swift */,
				61D00CDB1E084085BBE4C16C /* CaptureServices.swift */,
				56EA3106B91A487EAD013ADF /* NotificationService.swift */,
				E0A38A026D494E468A3E0553 /* ClipboardWatcher.swift */,
				3EA6E8A2548F4E04BDB77CB8 /* LocalIndexService.swift */,
				511BF4F14B2C42B9B3444332 /* MacroService.swift */,
				3CBBD2A8C01F4112AA4E9EF9 /* WorkflowEngine.swift */,
				FA133D6BEE4B400EBF4B9A48 /* DiagnosticsService.swift */,
				E1D05E2FAB6D4E9BB9C343FD /* HotKeyCenter.swift */,
				22B29DC37C0A413D904A96E4 /* PermissionsManager.swift */,
				BBB1805C105844EEBD8697BC /* OverlayWindowController.swift */,
			);
			path = Services;
			sourceTree = "<group>";
		};
		E821E7F69F6D472B96A8AA1D /* Products */ = {
			isa = PBXGroup;
			children = (
				673A20B5F5C2490B892552DB /* Jarvis.app */,
				6A11E13A4C614A3DA70E9813 /* JarvisTests.xctest */,
			);
			name = Products;
			sourceTree = "<group>";
		};
/* End PBXGroup section */

/* Begin PBXNativeTarget section */
		0EBEA01C5C5145B8A4AFC209 /* Jarvis */ = {
			isa = PBXNativeTarget;
			buildConfigurationList = 2490327AE4BD44F6B489E633 /* Build configuration list for PBXNativeTarget "Jarvis" */;
			buildPhases = (
				A9944BA087D74325985BCB33 /* Sources */,
				E96BB2BB699F492D89BED20C /* Resources */,
				90486B89FD614CFEBB10D030 /* Frameworks */,
			);
			buildRules = (
			);
			dependencies = (
			);
			name = Jarvis;
			productName = Jarvis;
			productReference = 673A20B5F5C2490B892552DB /* Jarvis.app */;
			productType = "com.apple.product-type.application";
		};
		E0C5082233AF4CCEBA41EE09 /* JarvisTests */ = {
			isa = PBXNativeTarget;
			buildConfigurationList = 1CB0CC59D6684DC6BA13566E /* Build configuration list for PBXNativeTarget "JarvisTests" */;
			buildPhases = (
				76720FB14BC24346A98A694F /* Sources */,
				A0D7AC984A9D43E88FC10827 /* Resources */,
				566620FFACB9449B8F8C30B9 /* Frameworks */,
			);
			buildRules = (
			);
			dependencies = (
				6550360F24EC48B195376058 /* PBXTargetDependency */,
			);
			name = JarvisTests;
			productName = JarvisTests;
			productReference = 6A11E13A4C614A3DA70E9813 /* JarvisTests.xctest */;
			productType = "com.apple.product-type.bundle.unit-test";
		};
/* End PBXNativeTarget section */

/* Begin PBXProject section */
		736C7A77357744E5A73DBF1E /* Project object */ = {
			isa = PBXProject;
			attributes = {
				BuildIndependentTargetsInParallel = YES;
				LastUpgradeCheck = 2610;
			};
			buildConfigurationList = 4581BB0C5F744BC589FA86B0 /* Build configuration list for PBXProject "Jarvis" */;
			compatibilityVersion = "Xcode 15.0";
			developmentRegion = en;
			hasScannedForEncodings = 0;
			knownRegions = (
				en,
				Base,
			);
			mainGroup = 9ADE98375D094A90BE350580;
			productRefGroup = E821E7F69F6D472B96A8AA1D /* Products */;
			projectDirPath = "";
			projectRoot = "";
			targets = (
				0EBEA01C5C5145B8A4AFC209 /* Jarvis */,
				E0C5082233AF4CCEBA41EE09 /* JarvisTests */,
			);
		};
/* End PBXProject section */

/* Begin PBXResourcesBuildPhase section */
		A0D7AC984A9D43E88FC10827 /* Resources */ = {
			isa = PBXResourcesBuildPhase;
			buildActionMask = 2147483647;
			files = (
			);
			runOnlyForDeploymentPostprocessing = 0;
		};
		E96BB2BB699F492D89BED20C /* Resources */ = {
			isa = PBXResourcesBuildPhase;
			buildActionMask = 2147483647;
			files = (
				0BA37924A1574DDDA5786ACC /* Assets.xcassets in Resources */,
			);
			runOnlyForDeploymentPostprocessing = 0;
		};
/* End PBXResourcesBuildPhase section */

/* Begin PBXSourcesBuildPhase section */
		76720FB14BC24346A98A694F /* Sources */ = {
			isa = PBXSourcesBuildPhase;
			buildActionMask = 2147483647;
			files = (
				3785EE0B89A74C83AA14C7B6 /* CalculatorTests.swift in Sources */,
				90025FF9A5A74FDE87846DAE /* TableExtractorTests.swift in Sources */,
				0C09101A92224B05A9393A7D /* SettingsStoreTests.swift in Sources */,
			);
			runOnlyForDeploymentPostprocessing = 0;
		};
		A9944BA087D74325985BCB33 /* Sources */ = {
			isa = PBXSourcesBuildPhase;
			buildActionMask = 2147483647;
			files = (
				342C886A0C384BC582477DC4 /* JarvisApp.swift in Sources */,
				76106ABE9524450EB85923B5 /* AppEnvironment.swift in Sources */,
				47BE0855208B4016A31170B5 /* Models.swift in Sources */,
				B1E326582F4AB5920020A11D /* SQLiteHelpers.swift in Sources */,
				F7FE8AE4BCAE441E8D62DFE4 /* SettingsStore.swift in Sources */,
				3921EBC8FF9C40AB9CA186C3 /* JarvisDatabase.swift in Sources */,
				AF21D154FED84D84AF196399 /* OllamaClient.swift in Sources */,
				1A42C71E2C784F11B05C49B6 /* ConversationService.swift in Sources */,
				9E63F9BE8E0D47479380D63D /* ToolExecutionService.swift in Sources */,
				7B557D742C154D9796F03430 /* DocumentImportService.swift in Sources */,
				A8DDA8B34B484EBC97A4083B /* TableExtractor.swift in Sources */,
				33998A027E084E37B2CF1F1F /* CaptureServices.swift in Sources */,
				D3CDF9CDC6A2448DA304F540 /* NotificationService.swift in Sources */,
				E7F6B7EC71454F4691CCB4C0 /* ClipboardWatcher.swift in Sources */,
				23903BB4A5D94EB6AC3245D5 /* LocalIndexService.swift in Sources */,
				62BFA53E86E849AF8E3F0E34 /* MacroService.swift in Sources */,
				CDAE0D07B0E749CABAC9347B /* WorkflowEngine.swift in Sources */,
				3EAC6E2B5D5743559EDB2319 /* DiagnosticsService.swift in Sources */,
				4D181C6996B145CEA5645DF2 /* HotKeyCenter.swift in Sources */,
				8711E48B108E42758F2FC29E /* PermissionsManager.swift in Sources */,
				7325C61DC446499C8F407816 /* OverlayWindowController.swift in Sources */,
				89934F100ED643A2B3D973BF /* CommandPaletteViewModel.swift in Sources */,
				A260E0D7788047FDA1481E9F /* NotificationViewModel.swift in Sources */,
				CB9DDA8E24E94129B5C1A931 /* EmailDraftViewModel.swift in Sources */,
				4AB1558E60504C3A8D35EF93 /* DiagnosticsViewModel.swift in Sources */,
				F8D77A08364F47A9BB7E6172 /* SettingsViewModel.swift in Sources */,
				D67A9728C3B14EDAA0B12890 /* CommandPaletteView.swift in Sources */,
				FFB6E37023C548FF83F76188 /* NotificationsView.swift in Sources */,
				BA93113C02724475A872C5B8 /* EmailDraftView.swift in Sources */,
				DCF9D6DE040345B6AD71D7CF /* SettingsView.swift in Sources */,
				9DA1483FD39E47E1818F34D9 /* DiagnosticsView.swift in Sources */,
				31D4A3FBFBDD4304BD29C352 /* KnowledgeBaseView.swift in Sources */,
				E8387C0EF3FC4042B6E35B74 /* MacroListView.swift in Sources */,
				51B06842BE8C44EBAC5DB4E6 /* ClipboardBannerView.swift in Sources */,
			);
			runOnlyForDeploymentPostprocessing = 0;
		};
/* End PBXSourcesBuildPhase section */

/* Begin PBXTargetDependency section */
		6550360F24EC48B195376058 /* PBXTargetDependency */ = {
			isa = PBXTargetDependency;
			target = 0EBEA01C5C5145B8A4AFC209 /* Jarvis */;
			targetProxy = DE923E119AF543B0993F1886 /* PBXContainerItemProxy */;
		};
/* End PBXTargetDependency section */

/* Begin XCBuildConfiguration section */
		5DBF45AFE3FC4A7E8FF569BE /* Release */ = {
			isa = XCBuildConfiguration;
			buildSettings = {
				ASSETCATALOG_COMPILER_APPICON_NAME = AppIcon;
				AUTOMATION_APPLE_EVENTS = YES;
				CLANG_ENABLE_OBJC_WEAK = YES;
				CODE_SIGN_ENTITLEMENTS = Jarvis/Jarvis.entitlements;
				CODE_SIGN_STYLE = Automatic;
				DEAD_CODE_STRIPPING = YES;
				ENABLE_APP_SANDBOX = YES;
				ENABLE_OUTGOING_NETWORK_CONNECTIONS = YES;
				ENABLE_USER_SELECTED_FILES = readwrite;
				INFOPLIST_FILE = Jarvis/Info.plist;
				LD_RUNPATH_SEARCH_PATHS = (
					"$(inherited)",
					"@executable_path/../Frameworks",
				);
				MACOSX_DEPLOYMENT_TARGET = 14.0;
				PRODUCT_BUNDLE_IDENTIFIER = com.offline.Jarvis;
				PRODUCT_NAME = "$(TARGET_NAME)";
				SWIFT_EMIT_LOC_STRINGS = NO;
			};
			name = Release;
		};
		8CAE18F52C9C4B1E82972B4D /* Debug */ = {
			isa = XCBuildConfiguration;
			buildSettings = {
				ASSETCATALOG_COMPILER_APPICON_NAME = AppIcon;
				AUTOMATION_APPLE_EVENTS = YES;
				CLANG_ENABLE_OBJC_WEAK = YES;
				CODE_SIGN_ENTITLEMENTS = Jarvis/Jarvis.entitlements;
				CODE_SIGN_STYLE = Automatic;
				DEAD_CODE_STRIPPING = YES;
				ENABLE_APP_SANDBOX = YES;
				ENABLE_OUTGOING_NETWORK_CONNECTIONS = YES;
				ENABLE_USER_SELECTED_FILES = readwrite;
				INFOPLIST_FILE = Jarvis/Info.plist;
				LD_RUNPATH_SEARCH_PATHS = (
					"$(inherited)",
					"@executable_path/../Frameworks",
				);
				MACOSX_DEPLOYMENT_TARGET = 14.0;
				PRODUCT_BUNDLE_IDENTIFIER = com.offline.Jarvis;
				PRODUCT_NAME = "$(TARGET_NAME)";
				SWIFT_EMIT_LOC_STRINGS = NO;
			};
			name = Debug;
		};
		98E77E93720442C19BD7F4CE /* Debug */ = {
			isa = XCBuildConfiguration;
			buildSettings = {
				CLANG_ENABLE_OBJC_WEAK = YES;
				DEAD_CODE_STRIPPING = YES;
				INFOPLIST_FILE = JarvisTests/Info.plist;
				LD_RUNPATH_SEARCH_PATHS = (
					"$(inherited)",
					"@executable_path/../Frameworks",
				);
				MACOSX_DEPLOYMENT_TARGET = 14.0;
				PRODUCT_BUNDLE_IDENTIFIER = com.offline.JarvisTests;
				PRODUCT_NAME = "$(TARGET_NAME)";
				SWIFT_EMIT_LOC_STRINGS = NO;
			};
			name = Debug;
		};
		BB7FF9026295418EBA6564DC /* Debug */ = {
			isa = XCBuildConfiguration;
			buildSettings = {
				ASSETCATALOG_COMPILER_GENERATE_SWIFT_ASSET_SYMBOL_EXTENSIONS = YES;
				CLANG_WARN_BLOCK_CAPTURE_AUTORELEASING = YES;
				CLANG_WARN_BOOL_CONVERSION = YES;
				CLANG_WARN_COMMA = YES;
				CLANG_WARN_CONSTANT_CONVERSION = YES;
				CLANG_WARN_DEPRECATED_OBJC_IMPLEMENTATIONS = YES;
				CLANG_WARN_EMPTY_BODY = YES;
				CLANG_WARN_ENUM_CONVERSION = YES;
				CLANG_WARN_INFINITE_RECURSION = YES;
				CLANG_WARN_INT_CONVERSION = YES;
				CLANG_WARN_NON_LITERAL_NULL_CONVERSION = YES;
				CLANG_WARN_OBJC_IMPLICIT_RETAIN_SELF = YES;
				CLANG_WARN_OBJC_LITERAL_CONVERSION = YES;
				CLANG_WARN_QUOTED_INCLUDE_IN_FRAMEWORK_HEADER = YES;
				CLANG_WARN_RANGE_LOOP_ANALYSIS = YES;
				CLANG_WARN_STRICT_PROTOTYPES = YES;
				CLANG_WARN_SUSPICIOUS_MOVE = YES;
				CLANG_WARN_UNREACHABLE_CODE = YES;
				CLANG_WARN__DUPLICATE_METHOD_MATCH = YES;
				DEAD_CODE_STRIPPING = YES;
				ENABLE_STRICT_OBJC_MSGSEND = YES;
				ENABLE_TESTABILITY = YES;
				ENABLE_USER_SCRIPT_SANDBOXING = YES;
				GCC_NO_COMMON_BLOCKS = YES;
				GCC_WARN_64_TO_32_BIT_CONVERSION = YES;
				GCC_WARN_ABOUT_RETURN_TYPE = YES;
				GCC_WARN_UNDECLARED_SELECTOR = YES;
				GCC_WARN_UNINITIALIZED_AUTOS = YES;
				GCC_WARN_UNUSED_FUNCTION = YES;
				GCC_WARN_UNUSED_VARIABLE = YES;
				MACOSX_DEPLOYMENT_TARGET = 14.0;
				ONLY_ACTIVE_ARCH = YES;
				STRING_CATALOG_GENERATE_SYMBOLS = YES;
				SWIFT_VERSION = 5.0;
			};
			name = Debug;
		};
		C28F89A1D6534082B68CA2BE /* Release */ = {
			isa = XCBuildConfiguration;
			buildSettings = {
				CLANG_ENABLE_OBJC_WEAK = YES;
				DEAD_CODE_STRIPPING = YES;
				INFOPLIST_FILE = JarvisTests/Info.plist;
				LD_RUNPATH_SEARCH_PATHS = (
					"$(inherited)",
					"@executable_path/../Frameworks",
				);
				MACOSX_DEPLOYMENT_TARGET = 14.0;
				PRODUCT_BUNDLE_IDENTIFIER = com.offline.JarvisTests;
				PRODUCT_NAME = "$(TARGET_NAME)";
				SWIFT_EMIT_LOC_STRINGS = NO;
			};
			name = Release;
		};
		CB76328184824F6CAE5B5C8B /* Release */ = {
			isa = XCBuildConfiguration;
			buildSettings = {
				ASSETCATALOG_COMPILER_GENERATE_SWIFT_ASSET_SYMBOL_EXTENSIONS = YES;
				CLANG_WARN_BLOCK_CAPTURE_AUTORELEASING = YES;
				CLANG_WARN_BOOL_CONVERSION = YES;
				CLANG_WARN_COMMA = YES;
				CLANG_WARN_CONSTANT_CONVERSION = YES;
				CLANG_WARN_DEPRECATED_OBJC_IMPLEMENTATIONS = YES;
				CLANG_WARN_EMPTY_BODY = YES;
				CLANG_WARN_ENUM_CONVERSION = YES;
				CLANG_WARN_INFINITE_RECURSION = YES;
				CLANG_WARN_INT_CONVERSION = YES;
				CLANG_WARN_NON_LITERAL_NULL_CONVERSION = YES;
				CLANG_WARN_OBJC_IMPLICIT_RETAIN_SELF = YES;
				CLANG_WARN_OBJC_LITERAL_CONVERSION = YES;
				CLANG_WARN_QUOTED_INCLUDE_IN_FRAMEWORK_HEADER = YES;
				CLANG_WARN_RANGE_LOOP_ANALYSIS = YES;
				CLANG_WARN_STRICT_PROTOTYPES = YES;
				CLANG_WARN_SUSPICIOUS_MOVE = YES;
				CLANG_WARN_UNREACHABLE_CODE = YES;
				CLANG_WARN__DUPLICATE_METHOD_MATCH = YES;
				DEAD_CODE_STRIPPING = YES;
				ENABLE_STRICT_OBJC_MSGSEND = YES;
				ENABLE_USER_SCRIPT_SANDBOXING = YES;
				GCC_NO_COMMON_BLOCKS = YES;
				GCC_WARN_64_TO_32_BIT_CONVERSION = YES;
				GCC_WARN_ABOUT_RETURN_TYPE = YES;
				GCC_WARN_UNDECLARED_SELECTOR = YES;
				GCC_WARN_UNINITIALIZED_AUTOS = YES;
				GCC_WARN_UNUSED_FUNCTION = YES;
				GCC_WARN_UNUSED_VARIABLE = YES;
				MACOSX_DEPLOYMENT_TARGET = 14.0;
				STRING_CATALOG_GENERATE_SYMBOLS = YES;
				SWIFT_COMPILATION_MODE = wholemodule;
				SWIFT_VERSION = 5.0;
			};
			name = Release;
		};
/* End XCBuildConfiguration section */

/* Begin XCConfigurationList section */
		1CB0CC59D6684DC6BA13566E /* Build configuration list for PBXNativeTarget "JarvisTests" */ = {
			isa = XCConfigurationList;
			buildConfigurations = (
				98E77E93720442C19BD7F4CE /* Debug */,
				C28F89A1D6534082B68CA2BE /* Release */,
			);
			defaultConfigurationIsVisible = 0;
			defaultConfigurationName = Debug;
		};
		2490327AE4BD44F6B489E633 /* Build configuration list for PBXNativeTarget "Jarvis" */ = {
			isa = XCConfigurationList;
			buildConfigurations = (
				8CAE18F52C9C4B1E82972B4D /* Debug */,
				5DBF45AFE3FC4A7E8FF569BE /* Release */,
			);
			defaultConfigurationIsVisible = 0;
			defaultConfigurationName = Debug;
		};
		4581BB0C5F744BC589FA86B0 /* Build configuration list for PBXProject "Jarvis" */ = {
			isa = XCConfigurationList;
			buildConfigurations = (
				BB7FF9026295418EBA6564DC /* Debug */,
				CB76328184824F6CAE5B5C8B /* Release */,
			);
			defaultConfigurationIsVisible = 0;
			defaultConfigurationName = Debug;
		};
/* End XCConfigurationList section */
	};
	rootObject = 736C7A77357744E5A73DBF1E /* Project object */;
}
