// !$*UTF8*$!
{
	archiveVersion = 1;
	classes = {};
	objectVersion = 56;
	objects = {

/* Begin PBXBuildFile section */
	FDFA56BFE4514542B08FC607 /* JarvisApp.swift in Sources */ = {isa = PBXBuildFile; fileRef = 2EC9E21B10EA487E968C509F /* JarvisApp.swift */; };
	31C75F4EAE584560B06B4661 /* AppEnvironment.swift in Sources */ = {isa = PBXBuildFile; fileRef = 5D5443F4229F42AC9A173EDD /* AppEnvironment.swift */; };
	540AC9FA49EE4967B67FC76E /* Models.swift in Sources */ = {isa = PBXBuildFile; fileRef = 03693E97912D4F369B238970 /* Models.swift */; };
	5607F28873994A44812EEE95 /* SettingsStore.swift in Sources */ = {isa = PBXBuildFile; fileRef = 100AC6EF631F48168D7F150E /* SettingsStore.swift */; };
	CE949DF1CED24903A077AAEA /* JarvisDatabase.swift in Sources */ = {isa = PBXBuildFile; fileRef = D29991CC89F54DC2A6FA8794 /* JarvisDatabase.swift */; };
	B7268C73AB5C4F6185342F6A /* OllamaClient.swift in Sources */ = {isa = PBXBuildFile; fileRef = A455B1046E1F44B7ACC0BCAE /* OllamaClient.swift */; };
	0AE3B09B296B47AC8D5927E9 /* ConversationService.swift in Sources */ = {isa = PBXBuildFile; fileRef = A1E6FD02B2EC41A08F1D3A23 /* ConversationService.swift */; };
	A6DBED86D3A4431C963A3FF8 /* ToolExecutionService.swift in Sources */ = {isa = PBXBuildFile; fileRef = 8C2DD01C586840F08DF90D02 /* ToolExecutionService.swift */; };
	30B992A8107B4D88AF1709AF /* DocumentImportService.swift in Sources */ = {isa = PBXBuildFile; fileRef = E213417B70AE4F4B8DA781DE /* DocumentImportService.swift */; };
	74B8DD5493244634AEC3308C /* TableExtractor.swift in Sources */ = {isa = PBXBuildFile; fileRef = 63F743FEDB2E4BF6B6160818 /* TableExtractor.swift */; };
	2B939014BB15479292984CD7 /* CaptureServices.swift in Sources */ = {isa = PBXBuildFile; fileRef = 7277EECF0CDE48A3B059907F /* CaptureServices.swift */; };
	BC99BB0438EE4FB6AC1C2750 /* NotificationService.swift in Sources */ = {isa = PBXBuildFile; fileRef = A350D876B12845A696BB5308 /* NotificationService.swift */; };
	FCA17C1BA10C44F79509ADF4 /* ClipboardWatcher.swift in Sources */ = {isa = PBXBuildFile; fileRef = 8F6BBBC1A9BA49CDAE6FD0D1 /* ClipboardWatcher.swift */; };
	E06B0C26723D4248A712069C /* LocalIndexService.swift in Sources */ = {isa = PBXBuildFile; fileRef = BD4C719422FF4A9089BEB74F /* LocalIndexService.swift */; };
	8A6094F2F02A4271A54D2CF4 /* MacroService.swift in Sources */ = {isa = PBXBuildFile; fileRef = 87E1E355F2EB44B2820458CE /* MacroService.swift */; };
	4D3A5F65889E4F9CAAD8C72A /* WorkflowEngine.swift in Sources */ = {isa = PBXBuildFile; fileRef = 1B03EF5B8F5B4D559C4DABD7 /* WorkflowEngine.swift */; };
	07C407E713304C8E9277198B /* DiagnosticsService.swift in Sources */ = {isa = PBXBuildFile; fileRef = 9F4BAC1C83DE4678B6412C27 /* DiagnosticsService.swift */; };
	7FC36A5C99FD43B2B69F5B2C /* HotKeyCenter.swift in Sources */ = {isa = PBXBuildFile; fileRef = 41ED4CD78CD9493EB0047006 /* HotKeyCenter.swift */; };
	87E384B95FE74AD9B6F9EA65 /* PermissionsManager.swift in Sources */ = {isa = PBXBuildFile; fileRef = 1873F6028B0E4E0EB6986FB8 /* PermissionsManager.swift */; };
	39F587D20202493890183067 /* OverlayWindowController.swift in Sources */ = {isa = PBXBuildFile; fileRef = 76752183616C46E7AA5C9790 /* OverlayWindowController.swift */; };
	825918AE2FEF4CA9BF616765 /* CommandPaletteViewModel.swift in Sources */ = {isa = PBXBuildFile; fileRef = 24DD3FF31DF8483E93C92EFD /* CommandPaletteViewModel.swift */; };
	ED24D8702F7A4744B146ED5B /* NotificationViewModel.swift in Sources */ = {isa = PBXBuildFile; fileRef = F4A7A672C5E64507A9F0F06D /* NotificationViewModel.swift */; };
	A2BDD355704E4FBF9ED0728F /* EmailDraftViewModel.swift in Sources */ = {isa = PBXBuildFile; fileRef = A075C038DD65434C96223CA6 /* EmailDraftViewModel.swift */; };
	7A35FA0994DA46D2B5B1D1E8 /* DiagnosticsViewModel.swift in Sources */ = {isa = PBXBuildFile; fileRef = 3F7C9473E61042C59A621C7E /* DiagnosticsViewModel.swift */; };
	8526CB492C9F4224936B3AD5 /* SettingsViewModel.swift in Sources */ = {isa = PBXBuildFile; fileRef = 1F35374D1BA045F7B7FF0BC9 /* SettingsViewModel.swift */; };
	702A9AEE4EAB404A96164D9C /* CommandPaletteView.swift in Sources */ = {isa = PBXBuildFile; fileRef = AD6E40139FA34B73BFE03F0B /* CommandPaletteView.swift */; };
	8CA43DE6A0154F3FB830E4E2 /* NotificationsView.swift in Sources */ = {isa = PBXBuildFile; fileRef = 1C9D0F834A2A42839161F25A /* NotificationsView.swift */; };
	2C138FC7A1F54D25BADCF045 /* EmailDraftView.swift in Sources */ = {isa = PBXBuildFile; fileRef = 1AF9476F517A4608865393DC /* EmailDraftView.swift */; };
	2C9773435ED64C37A2B617D9 /* SettingsView.swift in Sources */ = {isa = PBXBuildFile; fileRef = 67CBEEC1AE4C4F0AB6512EC7 /* SettingsView.swift */; };
	302DFAF1AA59443B96B9DD61 /* DiagnosticsView.swift in Sources */ = {isa = PBXBuildFile; fileRef = D2382AACDA3B41A6BAF63232 /* DiagnosticsView.swift */; };
	B5BFE6135F724C7F914C1107 /* KnowledgeBaseView.swift in Sources */ = {isa = PBXBuildFile; fileRef = 74675B6C3BE444DE8618CAE7 /* KnowledgeBaseView.swift */; };
	1637A20D822D4F9DA33A61B9 /* MacroListView.swift in Sources */ = {isa = PBXBuildFile; fileRef = 35622F5950D043DA910FA4C4 /* MacroListView.swift */; };
	C00A70DAE3974B3084DD3F02 /* ClipboardBannerView.swift in Sources */ = {isa = PBXBuildFile; fileRef = 54311E52093243C0A55358E0 /* ClipboardBannerView.swift */; };
	29107782FC204FB290076EE0 /* Assets.xcassets in Resources */ = {isa = PBXBuildFile; fileRef = D6F9749E9F134163A87F2D25 /* Assets.xcassets */; };
	BC32B03E61234BCEAE71030C /* CalculatorTests.swift in Sources */ = {isa = PBXBuildFile; fileRef = C54C8CB2703446F898390737 /* CalculatorTests.swift */; };
	61B73BC9C5DE4D7BB44853D9 /* TableExtractorTests.swift in Sources */ = {isa = PBXBuildFile; fileRef = 538F0D3FEE5F412AB9437F8F /* TableExtractorTests.swift */; };
	F51575EF80E441798A867B80 /* SettingsStoreTests.swift in Sources */ = {isa = PBXBuildFile; fileRef = A3BC2BDA0D90443F84C140F2 /* SettingsStoreTests.swift */; };
/* End PBXBuildFile section */

/* Begin PBXFileReference section */
	2EC9E21B10EA487E968C509F /* JarvisApp.swift */ = {isa = PBXFileReference; lastKnownFileType = sourcecode.swift; path = JarvisApp.swift; sourceTree = "<group>"; };
	5D5443F4229F42AC9A173EDD /* AppEnvironment.swift */ = {isa = PBXFileReference; lastKnownFileType = sourcecode.swift; path = AppEnvironment.swift; sourceTree = "<group>"; };
	03693E97912D4F369B238970 /* Models.swift */ = {isa = PBXFileReference; lastKnownFileType = sourcecode.swift; path = Models.swift; sourceTree = "<group>"; };
	100AC6EF631F48168D7F150E /* SettingsStore.swift */ = {isa = PBXFileReference; lastKnownFileType = sourcecode.swift; path = SettingsStore.swift; sourceTree = "<group>"; };
	D29991CC89F54DC2A6FA8794 /* JarvisDatabase.swift */ = {isa = PBXFileReference; lastKnownFileType = sourcecode.swift; path = JarvisDatabase.swift; sourceTree = "<group>"; };
	A455B1046E1F44B7ACC0BCAE /* OllamaClient.swift */ = {isa = PBXFileReference; lastKnownFileType = sourcecode.swift; path = OllamaClient.swift; sourceTree = "<group>"; };
	A1E6FD02B2EC41A08F1D3A23 /* ConversationService.swift */ = {isa = PBXFileReference; lastKnownFileType = sourcecode.swift; path = ConversationService.swift; sourceTree = "<group>"; };
	8C2DD01C586840F08DF90D02 /* ToolExecutionService.swift */ = {isa = PBXFileReference; lastKnownFileType = sourcecode.swift; path = ToolExecutionService.swift; sourceTree = "<group>"; };
	E213417B70AE4F4B8DA781DE /* DocumentImportService.swift */ = {isa = PBXFileReference; lastKnownFileType = sourcecode.swift; path = DocumentImportService.swift; sourceTree = "<group>"; };
	63F743FEDB2E4BF6B6160818 /* TableExtractor.swift */ = {isa = PBXFileReference; lastKnownFileType = sourcecode.swift; path = TableExtractor.swift; sourceTree = "<group>"; };
	7277EECF0CDE48A3B059907F /* CaptureServices.swift */ = {isa = PBXFileReference; lastKnownFileType = sourcecode.swift; path = CaptureServices.swift; sourceTree = "<group>"; };
	A350D876B12845A696BB5308 /* NotificationService.swift */ = {isa = PBXFileReference; lastKnownFileType = sourcecode.swift; path = NotificationService.swift; sourceTree = "<group>"; };
	8F6BBBC1A9BA49CDAE6FD0D1 /* ClipboardWatcher.swift */ = {isa = PBXFileReference; lastKnownFileType = sourcecode.swift; path = ClipboardWatcher.swift; sourceTree = "<group>"; };
	BD4C719422FF4A9089BEB74F /* LocalIndexService.swift */ = {isa = PBXFileReference; lastKnownFileType = sourcecode.swift; path = LocalIndexService.swift; sourceTree = "<group>"; };
	87E1E355F2EB44B2820458CE /* MacroService.swift */ = {isa = PBXFileReference; lastKnownFileType = sourcecode.swift; path = MacroService.swift; sourceTree = "<group>"; };
	1B03EF5B8F5B4D559C4DABD7 /* WorkflowEngine.swift */ = {isa = PBXFileReference; lastKnownFileType = sourcecode.swift; path = WorkflowEngine.swift; sourceTree = "<group>"; };
	9F4BAC1C83DE4678B6412C27 /* DiagnosticsService.swift */ = {isa = PBXFileReference; lastKnownFileType = sourcecode.swift; path = DiagnosticsService.swift; sourceTree = "<group>"; };
	41ED4CD78CD9493EB0047006 /* HotKeyCenter.swift */ = {isa = PBXFileReference; lastKnownFileType = sourcecode.swift; path = HotKeyCenter.swift; sourceTree = "<group>"; };
	1873F6028B0E4E0EB6986FB8 /* PermissionsManager.swift */ = {isa = PBXFileReference; lastKnownFileType = sourcecode.swift; path = PermissionsManager.swift; sourceTree = "<group>"; };
	76752183616C46E7AA5C9790 /* OverlayWindowController.swift */ = {isa = PBXFileReference; lastKnownFileType = sourcecode.swift; path = OverlayWindowController.swift; sourceTree = "<group>"; };
	24DD3FF31DF8483E93C92EFD /* CommandPaletteViewModel.swift */ = {isa = PBXFileReference; lastKnownFileType = sourcecode.swift; path = CommandPaletteViewModel.swift; sourceTree = "<group>"; };
	F4A7A672C5E64507A9F0F06D /* NotificationViewModel.swift */ = {isa = PBXFileReference; lastKnownFileType = sourcecode.swift; path = NotificationViewModel.swift; sourceTree = "<group>"; };
	A075C038DD65434C96223CA6 /* EmailDraftViewModel.swift */ = {isa = PBXFileReference; lastKnownFileType = sourcecode.swift; path = EmailDraftViewModel.swift; sourceTree = "<group>"; };
	3F7C9473E61042C59A621C7E /* DiagnosticsViewModel.swift */ = {isa = PBXFileReference; lastKnownFileType = sourcecode.swift; path = DiagnosticsViewModel.swift; sourceTree = "<group>"; };
	1F35374D1BA045F7B7FF0BC9 /* SettingsViewModel.swift */ = {isa = PBXFileReference; lastKnownFileType = sourcecode.swift; path = SettingsViewModel.swift; sourceTree = "<group>"; };
	AD6E40139FA34B73BFE03F0B /* CommandPaletteView.swift */ = {isa = PBXFileReference; lastKnownFileType = sourcecode.swift; path = CommandPaletteView.swift; sourceTree = "<group>"; };
	1C9D0F834A2A42839161F25A /* NotificationsView.swift */ = {isa = PBXFileReference; lastKnownFileType = sourcecode.swift; path = NotificationsView.swift; sourceTree = "<group>"; };
	1AF9476F517A4608865393DC /* EmailDraftView.swift */ = {isa = PBXFileReference; lastKnownFileType = sourcecode.swift; path = EmailDraftView.swift; sourceTree = "<group>"; };
	67CBEEC1AE4C4F0AB6512EC7 /* SettingsView.swift */ = {isa = PBXFileReference; lastKnownFileType = sourcecode.swift; path = SettingsView.swift; sourceTree = "<group>"; };
	D2382AACDA3B41A6BAF63232 /* DiagnosticsView.swift */ = {isa = PBXFileReference; lastKnownFileType = sourcecode.swift; path = DiagnosticsView.swift; sourceTree = "<group>"; };
	74675B6C3BE444DE8618CAE7 /* KnowledgeBaseView.swift */ = {isa = PBXFileReference; lastKnownFileType = sourcecode.swift; path = KnowledgeBaseView.swift; sourceTree = "<group>"; };
	35622F5950D043DA910FA4C4 /* MacroListView.swift */ = {isa = PBXFileReference; lastKnownFileType = sourcecode.swift; path = MacroListView.swift; sourceTree = "<group>"; };
	54311E52093243C0A55358E0 /* ClipboardBannerView.swift */ = {isa = PBXFileReference; lastKnownFileType = sourcecode.swift; path = ClipboardBannerView.swift; sourceTree = "<group>"; };
	C54C8CB2703446F898390737 /* CalculatorTests.swift */ = {isa = PBXFileReference; lastKnownFileType = sourcecode.swift; path = CalculatorTests.swift; sourceTree = "<group>"; };
	538F0D3FEE5F412AB9437F8F /* TableExtractorTests.swift */ = {isa = PBXFileReference; lastKnownFileType = sourcecode.swift; path = TableExtractorTests.swift; sourceTree = "<group>"; };
	A3BC2BDA0D90443F84C140F2 /* SettingsStoreTests.swift */ = {isa = PBXFileReference; lastKnownFileType = sourcecode.swift; path = SettingsStoreTests.swift; sourceTree = "<group>"; };
	D6F9749E9F134163A87F2D25 /* Assets.xcassets */ = {isa = PBXFileReference; lastKnownFileType = folder.assetcatalog; path = Assets.xcassets; sourceTree = "<group>"; };
	FCF2D821973D46EFA7EF2EE1 /* Info.plist */ = {isa = PBXFileReference; lastKnownFileType = text.plist.xml; path = Info.plist; sourceTree = "<group>"; };
	F95EE870382C42F88BCFE402 /* Jarvis.entitlements */ = {isa = PBXFileReference; lastKnownFileType = text.plist.xml; path = Jarvis.entitlements; sourceTree = "<group>"; };
	7B5A9C3990A448168091D25D /* README.md */ = {isa = PBXFileReference; lastKnownFileType = net.daringfireball.markdown; path = README.md; sourceTree = "<group>"; };
	7072A530C7A249A79ABF4180 /* Info.plist */ = {isa = PBXFileReference; lastKnownFileType = text.plist.xml; path = Info.plist; sourceTree = "<group>"; };
	4B35B209F3FB4B5FAD5D8DD2 /* Jarvis.app */ = {isa = PBXFileReference; explicitFileType = wrapper.application; path = Jarvis.app; sourceTree = BUILT_PRODUCTS_DIR; };
	6AC67B25E8684EAC862B5BA9 /* JarvisTests.xctest */ = {isa = PBXFileReference; explicitFileType = wrapper.cfbundle; path = JarvisTests.xctest; sourceTree = BUILT_PRODUCTS_DIR; };
/* End PBXFileReference section */

/* Begin PBXFrameworksBuildPhase section */
	A53206B1C5B34A2E94F9D997 /* Frameworks */ = {isa = PBXFrameworksBuildPhase; buildActionMask = 2147483647; files = (
	); runOnlyForDeploymentPostprocessing = 0; };
	3CD1402BEA2B4B7DAA7235BC /* Frameworks */ = {isa = PBXFrameworksBuildPhase; buildActionMask = 2147483647; files = (
	); runOnlyForDeploymentPostprocessing = 0; };
/* End PBXFrameworksBuildPhase section */

/* Begin PBXGroup section */
	32908FB6EAFC4E46A5241974 = {isa = PBXGroup; children = (
			5D69B9DE6FD743339F680D6A,
			3000E916121247E4B89E99C2,
			7B5A9C3990A448168091D25D,
			9C8D82AFE42E4A8483B53D2C
		);   sourceTree = "<group>"; };
	5D69B9DE6FD743339F680D6A = {isa = PBXGroup; children = (
			EF2DC2DC144B42F38201B688,
			E8C7D53835F348A4B3F09195,
			D5313D0F883F48C1A7A34EA2,
			8857C436E58745F18CCE964B,
			2EC9E21B10EA487E968C509F,
			5D5443F4229F42AC9A173EDD,
			D6F9749E9F134163A87F2D25,
			FCF2D821973D46EFA7EF2EE1,
			F95EE870382C42F88BCFE402
		); name = Jarvis; path = Jarvis; sourceTree = "<group>"; };
	EF2DC2DC144B42F38201B688 = {isa = PBXGroup; children = (
			03693E97912D4F369B238970
		); name = Models; path = Models; sourceTree = "<group>"; };
	E8C7D53835F348A4B3F09195 = {isa = PBXGroup; children = (
			100AC6EF631F48168D7F150E,
			D29991CC89F54DC2A6FA8794,
			A455B1046E1F44B7ACC0BCAE,
			A1E6FD02B2EC41A08F1D3A23,
			8C2DD01C586840F08DF90D02,
			E213417B70AE4F4B8DA781DE,
			63F743FEDB2E4BF6B6160818,
			7277EECF0CDE48A3B059907F,
			A350D876B12845A696BB5308,
			8F6BBBC1A9BA49CDAE6FD0D1,
			BD4C719422FF4A9089BEB74F,
			87E1E355F2EB44B2820458CE,
			1B03EF5B8F5B4D559C4DABD7,
			9F4BAC1C83DE4678B6412C27,
			41ED4CD78CD9493EB0047006,
			1873F6028B0E4E0EB6986FB8,
			76752183616C46E7AA5C9790
		); name = Services; path = Services; sourceTree = "<group>"; };
	D5313D0F883F48C1A7A34EA2 = {isa = PBXGroup; children = (
			24DD3FF31DF8483E93C92EFD,
			F4A7A672C5E64507A9F0F06D,
			A075C038DD65434C96223CA6,
			3F7C9473E61042C59A621C7E,
			1F35374D1BA045F7B7FF0BC9
		); name = ViewModels; path = ViewModels; sourceTree = "<group>"; };
	8857C436E58745F18CCE964B = {isa = PBXGroup; children = (
			AD6E40139FA34B73BFE03F0B,
			1C9D0F834A2A42839161F25A,
			1AF9476F517A4608865393DC,
			67CBEEC1AE4C4F0AB6512EC7,
			D2382AACDA3B41A6BAF63232,
			74675B6C3BE444DE8618CAE7,
			35622F5950D043DA910FA4C4,
			54311E52093243C0A55358E0
		); name = Views; path = Views; sourceTree = "<group>"; };
	3000E916121247E4B89E99C2 = {isa = PBXGroup; children = (
			C54C8CB2703446F898390737,
			538F0D3FEE5F412AB9437F8F,
			A3BC2BDA0D90443F84C140F2,
			7072A530C7A249A79ABF4180
		); name = JarvisTests; path = JarvisTests; sourceTree = "<group>"; };
	9C8D82AFE42E4A8483B53D2C /* Products */ = {isa = PBXGroup; children = (
		4B35B209F3FB4B5FAD5D8DD2 /* Jarvis.app */,
		6AC67B25E8684EAC862B5BA9 /* JarvisTests.xctest */,
	); name = Products; sourceTree = "<group>"; };
/* End PBXGroup section */

/* Begin PBXNativeTarget section */
	2FB5BCF7EF37433C9DBD6659 /* Jarvis */ = {isa = PBXNativeTarget; buildConfigurationList = 11884DDEB69247778146CC20; buildPhases = (
		B5F5B93997AE492DBAA0BF4F /* Sources */,
		AE6BB9EA5BDA47D6B9427989 /* Resources */,
		A53206B1C5B34A2E94F9D997 /* Frameworks */,
	); buildRules = (
	); dependencies = (
	); name = Jarvis; productName = Jarvis; productReference = 4B35B209F3FB4B5FAD5D8DD2 /* Jarvis.app */; productType = "com.apple.product-type.application"; };
	AE1B186DFE604CB4A8428A2F /* JarvisTests */ = {isa = PBXNativeTarget; buildConfigurationList = 375DF46152094BC6A0F5DB65; buildPhases = (
		79D6C8A66CAA4BE1AD9FEAD9 /* Sources */,
		6B56B5E273D0489EAE9FD59E /* Resources */,
		3CD1402BEA2B4B7DAA7235BC /* Frameworks */,
	); buildRules = (
	); dependencies = (
	7D4A4A9095F34D48BBF55878); name = JarvisTests; productName = JarvisTests; productReference = 6AC67B25E8684EAC862B5BA9 /* JarvisTests.xctest */; productType = "com.apple.product-type.bundle.unit-test"; };
/* End PBXNativeTarget section */

/* Begin PBXProject section */
	09AC2D5FDB8B4CB499418F6D /* Project object */ = {isa = PBXProject; attributes = {LastUpgradeCheck = 1500; }; buildConfigurationList = 68F576BBC7864D16A6271736; compatibilityVersion = "Xcode 15.0"; developmentRegion = en; hasScannedForEncodings = 0; knownRegions = (en); mainGroup = 32908FB6EAFC4E46A5241974; productRefGroup = 9C8D82AFE42E4A8483B53D2C; projectDirPath = ""; projectRoot = ""; targets = (2FB5BCF7EF37433C9DBD6659, AE1B186DFE604CB4A8428A2F); };
/* End PBXProject section */

/* Begin PBXResourcesBuildPhase section */
	AE6BB9EA5BDA47D6B9427989 /* Resources */ = {isa = PBXResourcesBuildPhase; buildActionMask = 2147483647; files = (
		29107782FC204FB290076EE0
	); runOnlyForDeploymentPostprocessing = 0; };
	6B56B5E273D0489EAE9FD59E /* Resources */ = {isa = PBXResourcesBuildPhase; buildActionMask = 2147483647; files = (
	); runOnlyForDeploymentPostprocessing = 0; };
/* End PBXResourcesBuildPhase section */

/* Begin PBXSourcesBuildPhase section */
	B5F5B93997AE492DBAA0BF4F /* Sources */ = {isa = PBXSourcesBuildPhase; buildActionMask = 2147483647; files = (
		FDFA56BFE4514542B08FC607,
		31C75F4EAE584560B06B4661,
		540AC9FA49EE4967B67FC76E,
		5607F28873994A44812EEE95,
		CE949DF1CED24903A077AAEA,
		B7268C73AB5C4F6185342F6A,
		0AE3B09B296B47AC8D5927E9,
		A6DBED86D3A4431C963A3FF8,
		30B992A8107B4D88AF1709AF,
		74B8DD5493244634AEC3308C,
		2B939014BB15479292984CD7,
		BC99BB0438EE4FB6AC1C2750,
		FCA17C1BA10C44F79509ADF4,
		E06B0C26723D4248A712069C,
		8A6094F2F02A4271A54D2CF4,
		4D3A5F65889E4F9CAAD8C72A,
		07C407E713304C8E9277198B,
		7FC36A5C99FD43B2B69F5B2C,
		87E384B95FE74AD9B6F9EA65,
		39F587D20202493890183067,
		825918AE2FEF4CA9BF616765,
		ED24D8702F7A4744B146ED5B,
		A2BDD355704E4FBF9ED0728F,
		7A35FA0994DA46D2B5B1D1E8,
		8526CB492C9F4224936B3AD5,
		702A9AEE4EAB404A96164D9C,
		8CA43DE6A0154F3FB830E4E2,
		2C138FC7A1F54D25BADCF045,
		2C9773435ED64C37A2B617D9,
		302DFAF1AA59443B96B9DD61,
		B5BFE6135F724C7F914C1107,
		1637A20D822D4F9DA33A61B9,
		C00A70DAE3974B3084DD3F02
	); runOnlyForDeploymentPostprocessing = 0; };
	79D6C8A66CAA4BE1AD9FEAD9 /* Sources */ = {isa = PBXSourcesBuildPhase; buildActionMask = 2147483647; files = (
		BC32B03E61234BCEAE71030C,
		61B73BC9C5DE4D7BB44853D9,
		F51575EF80E441798A867B80
	); runOnlyForDeploymentPostprocessing = 0; };
/* End PBXSourcesBuildPhase section */

/* Begin PBXTargetDependency section */
	7D4A4A9095F34D48BBF55878 /* PBXTargetDependency */ = {isa = PBXTargetDependency; target = 2FB5BCF7EF37433C9DBD6659 /* Jarvis */; targetProxy = 72DF733902CA4FF6BC50D806; };
/* End PBXTargetDependency section */

/* Begin PBXContainerItemProxy section */
	72DF733902CA4FF6BC50D806 /* PBXContainerItemProxy */ = {isa = PBXContainerItemProxy; containerPortal = 09AC2D5FDB8B4CB499418F6D /* Project object */; proxyType = 1; remoteGlobalIDString = 2FB5BCF7EF37433C9DBD6659; remoteInfo = Jarvis; };
/* End PBXContainerItemProxy section */

/* Begin XCBuildConfiguration section */
	0C6D8E7BA68F4028980750C6 /* Debug */ = {isa = XCBuildConfiguration; buildSettings = {MACOSX_DEPLOYMENT_TARGET = 14.0; SWIFT_VERSION = 5.0; }; name = Debug; };
	15C8BBACB0454D1C8F5DC9C7 /* Release */ = {isa = XCBuildConfiguration; buildSettings = {MACOSX_DEPLOYMENT_TARGET = 14.0; SWIFT_VERSION = 5.0; }; name = Release; };
	0654B79392444CF68A96F374 /* Debug */ = {isa = XCBuildConfiguration; buildSettings = {ASSETCATALOG_COMPILER_APPICON_NAME = AppIcon; CODE_SIGN_ENTITLEMENTS = Jarvis/Jarvis.entitlements; CODE_SIGN_STYLE = Automatic; INFOPLIST_FILE = Jarvis/Info.plist; LD_RUNPATH_SEARCH_PATHS = ("$(inherited)", @executable_path/../Frameworks); MACOSX_DEPLOYMENT_TARGET = 14.0; PRODUCT_BUNDLE_IDENTIFIER = com.offline.Jarvis; PRODUCT_NAME = "$(TARGET_NAME)"; SWIFT_EMIT_LOC_STRINGS = NO;}; name = Debug; };
	1B5240F908D04059B6496B6C /* Release */ = {isa = XCBuildConfiguration; buildSettings = {ASSETCATALOG_COMPILER_APPICON_NAME = AppIcon; CODE_SIGN_ENTITLEMENTS = Jarvis/Jarvis.entitlements; CODE_SIGN_STYLE = Automatic; INFOPLIST_FILE = Jarvis/Info.plist; LD_RUNPATH_SEARCH_PATHS = ("$(inherited)", @executable_path/../Frameworks); MACOSX_DEPLOYMENT_TARGET = 14.0; PRODUCT_BUNDLE_IDENTIFIER = com.offline.Jarvis; PRODUCT_NAME = "$(TARGET_NAME)"; SWIFT_EMIT_LOC_STRINGS = NO;}; name = Release; };
	225C772787AD46ACB3114A68 /* Debug */ = {isa = XCBuildConfiguration; buildSettings = {INFOPLIST_FILE = JarvisTests/Info.plist; LD_RUNPATH_SEARCH_PATHS = ("$(inherited)", @executable_path/../Frameworks); MACOSX_DEPLOYMENT_TARGET = 14.0; PRODUCT_BUNDLE_IDENTIFIER = com.offline.JarvisTests; PRODUCT_NAME = "$(TARGET_NAME)"; SWIFT_EMIT_LOC_STRINGS = NO;}; name = Debug; };
	1A13528CE79F473FB863BB0D /* Release */ = {isa = XCBuildConfiguration; buildSettings = {INFOPLIST_FILE = JarvisTests/Info.plist; LD_RUNPATH_SEARCH_PATHS = ("$(inherited)", @executable_path/../Frameworks); MACOSX_DEPLOYMENT_TARGET = 14.0; PRODUCT_BUNDLE_IDENTIFIER = com.offline.JarvisTests; PRODUCT_NAME = "$(TARGET_NAME)"; SWIFT_EMIT_LOC_STRINGS = NO;}; name = Release; };
/* End XCBuildConfiguration section */

/* Begin XCConfigurationList section */
	68F576BBC7864D16A6271736 = {isa = XCConfigurationList; buildConfigurations = (0C6D8E7BA68F4028980750C6, 15C8BBACB0454D1C8F5DC9C7); defaultConfigurationIsVisible = 0; defaultConfigurationName = Debug; };
	11884DDEB69247778146CC20 = {isa = XCConfigurationList; buildConfigurations = (0654B79392444CF68A96F374, 1B5240F908D04059B6496B6C); defaultConfigurationIsVisible = 0; defaultConfigurationName = Debug; };
	375DF46152094BC6A0F5DB65 = {isa = XCConfigurationList; buildConfigurations = (225C772787AD46ACB3114A68, 1A13528CE79F473FB863BB0D); defaultConfigurationIsVisible = 0; defaultConfigurationName = Debug; };
/* End XCConfigurationList section */

	};
	rootObject = 09AC2D5FDB8B4CB499418F6D /* Project object */;
}